
Microsoft Visual Studio Solution File, Format Version 12.00
# Visual Studio Version 16
VisualStudioVersion = 16.0.30114.105
MinimumVisualStudioVersion = 10.0.40219.1
Project("{2150E333-8FDC-42A3-9474-1A3956D46DE8}") = "src", "src", "{EEFE241F-68CC-4C49-86B1-C7DA81F24250}"
EndProject
Project("{FAE04EC0-301F-11D3-BF4B-00C04F79EFBC}") = "DbReader", "src\DbReader\DbReader.csproj", "{99BF0316-D315-4E01-8F79-9EA45782F07B}"
EndProject
Project("{FAE04EC0-301F-11D3-BF4B-00C04F79EFBC}") = "DbReader.Tests", "src\DbReader.Tests\DbReader.Tests.csproj", "{328B68A5-9A0F-40BC-9181-B4922894BFF0}"
EndProject
Global
	GlobalSection(SolutionConfigurationPlatforms) = preSolution
		Debug|Any CPU = Debug|Any CPU
		Release|Any CPU = Release|Any CPU
	EndGlobalSection
	GlobalSection(SolutionProperties) = preSolution
		HideSolutionNode = FALSE
	EndGlobalSection
	GlobalSection(ProjectConfigurationPlatforms) = postSolution
		{99BF0316-D315-4E01-8F79-9EA45782F07B}.Debug|Any CPU.ActiveCfg = Debug|Any CPU
		{99BF0316-D315-4E01-8F79-9EA45782F07B}.Debug|Any CPU.Build.0 = Debug|Any CPU
		{99BF0316-D315-4E01-8F79-9EA45782F07B}.Release|Any CPU.ActiveCfg = Release|Any CPU
		{99BF0316-D315-4E01-8F79-9EA45782F07B}.Release|Any CPU.Build.0 = Release|Any CPU
		{328B68A5-9A0F-40BC-9181-B4922894BFF0}.Debug|Any CPU.ActiveCfg = Debug|Any CPU
		{328B68A5-9A0F-40BC-9181-B4922894BFF0}.Debug|Any CPU.Build.0 = Debug|Any CPU
		{328B68A5-9A0F-40BC-9181-B4922894BFF0}.Release|Any CPU.ActiveCfg = Release|Any CPU
		{328B68A5-9A0F-40BC-9181-B4922894BFF0}.Release|Any CPU.Build.0 = Release|Any CPU
	EndGlobalSection
	GlobalSection(NestedProjects) = preSolution
		{99BF0316-D315-4E01-8F79-9EA45782F07B} = {EEFE241F-68CC-4C49-86B1-C7DA81F24250}
		{328B68A5-9A0F-40BC-9181-B4922894BFF0} = {EEFE241F-68CC-4C49-86B1-C7DA81F24250}
	EndGlobalSection
EndGlobal
